
Microsoft Visual Studio Solution File, Format Version 12.00
# Visual Studio Version 17
VisualStudioVersion = 17.0.31912.275
MinimumVisualStudioVersion = 10.0.40219.1
Project("{FAE04EC0-301F-11D3-BF4B-00C04F79EFBC}") = "PermissionsBasedProject", "PermissionsBasedProject\PermissionsBasedProject.csproj", "{227199CA-C5B0-47DC-9BCF-632E146C6C1B}"
EndProject
Global
	GlobalSection(SolutionConfigurationPlatforms) = preSolution
		Debug|Any CPU = Debug|Any CPU
		Release|Any CPU = Release|Any CPU
	EndGlobalSection
	GlobalSection(ProjectConfigurationPlatforms) = postSolution
		{227199CA-C5B0-47DC-9BCF-632E146C6C1B}.Debug|Any CPU.ActiveCfg = Debug|Any CPU
		{227199CA-C5B0-47DC-9BCF-632E146C6C1B}.Debug|Any CPU.Build.0 = Debug|Any CPU
		{227199CA-C5B0-47DC-9BCF-632E146C6C1B}.Release|Any CPU.ActiveCfg = Release|Any CPU
		{227199CA-C5B0-47DC-9BCF-632E146C6C1B}.Release|Any CPU.Build.0 = Release|Any CPU
	EndGlobalSection
	GlobalSection(SolutionProperties) = preSolution
		HideSolutionNode = FALSE
	EndGlobalSection
	GlobalSection(ExtensibilityGlobals) = postSolution
		SolutionGuid = {3752CFB1-03B7-4D1F-B05D-4EDE1CA07815}
	EndGlobalSection
EndGlobal
